
Microsoft Visual Studio Solution File, Format Version 12.00
# Visual Studio Version 18
VisualStudioVersion = 18.5.11723.231 stable
MinimumVisualStudioVersion = 10.0.40219.1
Project("{2150E333-8FDC-42A3-9474-1A3956D46DE8}") = "src", "src", "{02EA681E-C7D8-13C7-8484-4AC65E1B71E8}"
EndProject
Project("{2150E333-8FDC-42A3-9474-1A3956D46DE8}") = "tests", "tests", "{2129F358-E94E-4AE1-ADF0-77CB43CBD903}"
EndProject
Project("{FAE04EC0-301F-11D3-BF4B-00C04F79EFBC}") = "MyBucketList.Api", "src\MyBucketList.Api\MyBucketList.Api.csproj", "{B59CDE9E-6995-43A4-A680-D0999CA68E87}"
EndProject
Project("{FAE04EC0-301F-11D3-BF4B-00C04F79EFBC}") = "MyBucketList.Api.Test", "tests\MyBucketList.Api.Test\MyBucketList.Api.Test.csproj", "{D29E3D9D-99E5-4C25-BAC0-58B80C38E125}"
EndProject
Global
	GlobalSection(SolutionConfigurationPlatforms) = preSolution
		Debug|Any CPU = Debug|Any CPU
		Release|Any CPU = Release|Any CPU
	EndGlobalSection
	GlobalSection(ProjectConfigurationPlatforms) = postSolution
		{B59CDE9E-6995-43A4-A680-D0999CA68E87}.Debug|Any CPU.ActiveCfg = Debug|Any CPU
		{B59CDE9E-6995-43A4-A680-D0999CA68E87}.Debug|Any CPU.Build.0 = Debug|Any CPU
		{B59CDE9E-6995-43A4-A680-D0999CA68E87}.Release|Any CPU.ActiveCfg = Release|Any CPU
		{B59CDE9E-6995-43A4-A680-D0999CA68E87}.Release|Any CPU.Build.0 = Release|Any CPU
		{D29E3D9D-99E5-4C25-BAC0-58B80C38E125}.Debug|Any CPU.ActiveCfg = Debug|Any CPU
		{D29E3D9D-99E5-4C25-BAC0-58B80C38E125}.Debug|Any CPU.Build.0 = Debug|Any CPU
		{D29E3D9D-99E5-4C25-BAC0-58B80C38E125}.Release|Any CPU.ActiveCfg = Release|Any CPU
		{D29E3D9D-99E5-4C25-BAC0-58B80C38E125}.Release|Any CPU.Build.0 = Release|Any CPU
	EndGlobalSection
	GlobalSection(SolutionProperties) = preSolution
		HideSolutionNode = FALSE
	EndGlobalSection
	GlobalSection(NestedProjects) = preSolution
		{B59CDE9E-6995-43A4-A680-D0999CA68E87} = {02EA681E-C7D8-13C7-8484-4AC65E1B71E8}
		{D29E3D9D-99E5-4C25-BAC0-58B80C38E125} = {2129F358-E94E-4AE1-ADF0-77CB43CBD903}
	EndGlobalSection
	GlobalSection(ExtensibilityGlobals) = postSolution
		SolutionGuid = {B4983743-3584-4198-8029-C29C39EA9C77}
	EndGlobalSection
EndGlobal
